// !$*UTF8*$!
{
	archiveVersion = 1;
	classes = {
	};
	objectVersion = 52;
	objects = {

/* Begin PBXBuildFile section */
		374C247D0CF6D31D4461C47E /* Pods_Virtual_Investment.framework in Frameworks */ = {isa = PBXBuildFile; fileRef = EFF0600D4229A6E07F136080 /* Pods_Virtual_Investment.framework */; };
		FF36368D25EBDD0B0048C3F6 /* InvestedCoinCell.swift in Sources */ = {isa = PBXBuildFile; fileRef = FF36368C25EBDD0B0048C3F6 /* InvestedCoinCell.swift */; };
		FF36369225EBDFF00048C3F6 /* InvestedSectionHeaderView.swift in Sources */ = {isa = PBXBuildFile; fileRef = FF36369125EBDFF00048C3F6 /* InvestedSectionHeaderView.swift */; };
		FF36369725EBE2E90048C3F6 /* ReuseIdentifier.swift in Sources */ = {isa = PBXBuildFile; fileRef = FF36369625EBE2E90048C3F6 /* ReuseIdentifier.swift */; };
		FF36369E25EC92C60048C3F6 /* RxSwift in Frameworks */ = {isa = PBXBuildFile; productRef = FF36369D25EC92C60048C3F6 /* RxSwift */; };
		FF3636A025EC92C60048C3F6 /* RxCocoa in Frameworks */ = {isa = PBXBuildFile; productRef = FF36369F25EC92C60048C3F6 /* RxCocoa */; };
		FF3636A225EC92C60048C3F6 /* RxRelay in Frameworks */ = {isa = PBXBuildFile; productRef = FF3636A125EC92C60048C3F6 /* RxRelay */; };
		FF3636B825ED3F1B0048C3F6 /* Error.swift in Sources */ = {isa = PBXBuildFile; fileRef = FF3636B725ED3F1B0048C3F6 /* Error.swift */; };
		FF3636BD25ED41380048C3F6 /* MainViewModel.swift in Sources */ = {isa = PBXBuildFile; fileRef = FF3636BC25ED41380048C3F6 /* MainViewModel.swift */; };
		FF3636C125EE066B0048C3F6 /* RxDataSources in Frameworks */ = {isa = PBXBuildFile; productRef = FF3636C025EE066B0048C3F6 /* RxDataSources */; };
		FF3636EB25EF46F70048C3F6 /* VirtualMoneyViewModel.swift in Sources */ = {isa = PBXBuildFile; fileRef = FF3636EA25EF46F70048C3F6 /* VirtualMoneyViewModel.swift */; };
		FF3636F025F0C9870048C3F6 /* PurchasedViewModel.swift in Sources */ = {isa = PBXBuildFile; fileRef = FF3636EF25F0C9870048C3F6 /* PurchasedViewModel.swift */; };
		FF41E34925E64C62003139A7 /* Alamofire in Frameworks */ = {isa = PBXBuildFile; productRef = FF41E34825E64C62003139A7 /* Alamofire */; };
		FF41E34C25E64C73003139A7 /* APIService.swift in Sources */ = {isa = PBXBuildFile; fileRef = FF41E34B25E64C73003139A7 /* APIService.swift */; };
		FF41E35125E65015003139A7 /* CoinModel.swift in Sources */ = {isa = PBXBuildFile; fileRef = FF41E35025E65015003139A7 /* CoinModel.swift */; };
		FF41E35D25E6805F003139A7 /* CoinCell.swift in Sources */ = {isa = PBXBuildFile; fileRef = FF41E35C25E6805F003139A7 /* CoinCell.swift */; };
		FF41E38625E78C9E003139A7 /* CoinInfromationViewController.swift in Sources */ = {isa = PBXBuildFile; fileRef = FF41E38525E78C9E003139A7 /* CoinInfromationViewController.swift */; };
		FF42AF4D25E5331500CEA875 /* AppDelegate.swift in Sources */ = {isa = PBXBuildFile; fileRef = FF42AF4C25E5331500CEA875 /* AppDelegate.swift */; };
		FF42AF4F25E5331500CEA875 /* SceneDelegate.swift in Sources */ = {isa = PBXBuildFile; fileRef = FF42AF4E25E5331500CEA875 /* SceneDelegate.swift */; };
		FF42AF5625E5331600CEA875 /* Assets.xcassets in Resources */ = {isa = PBXBuildFile; fileRef = FF42AF5525E5331600CEA875 /* Assets.xcassets */; };
		FF42AF5925E5331600CEA875 /* LaunchScreen.storyboard in Resources */ = {isa = PBXBuildFile; fileRef = FF42AF5725E5331600CEA875 /* LaunchScreen.storyboard */; };
		FF42AF6425E5349800CEA875 /* MainViewController.swift in Sources */ = {isa = PBXBuildFile; fileRef = FF42AF6325E5349800CEA875 /* MainViewController.swift */; };
		FF42B01525E5477000CEA875 /* SocketIO in Frameworks */ = {isa = PBXBuildFile; productRef = FF42B01425E5477000CEA875 /* SocketIO */; };
		FF42B01E25E5551B00CEA875 /* VirtualMoneyListViewController.swift in Sources */ = {isa = PBXBuildFile; fileRef = FF42B01D25E5551B00CEA875 /* VirtualMoneyListViewController.swift */; };
		FF42B02225E556F800CEA875 /* AmountData.swift in Sources */ = {isa = PBXBuildFile; fileRef = FF42B02125E556F800CEA875 /* AmountData.swift */; };
		FF42B02F25E55DCA00CEA875 /* InvestedViewController.swift in Sources */ = {isa = PBXBuildFile; fileRef = FF42B02E25E55DCA00CEA875 /* InvestedViewController.swift */; };
		FF42B03325E63CDC00CEA875 /* Starscream in Frameworks */ = {isa = PBXBuildFile; productRef = FF42B03225E63CDC00CEA875 /* Starscream */; };
		FF83C1BB25F3C30A00CB1139 /* CoinInformationViewModel.swift in Sources */ = {isa = PBXBuildFile; fileRef = FF83C1BA25F3C30A00CB1139 /* CoinInformationViewModel.swift */; };
		FF83C1C325F6519D00CB1139 /* ContainCoinResult.swift in Sources */ = {isa = PBXBuildFile; fileRef = FF83C1C225F6519D00CB1139 /* ContainCoinResult.swift */; };
		FF8798EA261056F50099AAC2 /* RxWebSocketDelegateProxy.swift in Sources */ = {isa = PBXBuildFile; fileRef = FF8798E9261056F50099AAC2 /* RxWebSocketDelegateProxy.swift */; };
		FF8798F32610D1C60099AAC2 /* CoinCellViewModel.swift in Sources */ = {isa = PBXBuildFile; fileRef = FF8798F22610D1C60099AAC2 /* CoinCellViewModel.swift */; };
		FF87992F2614C1A60099AAC2 /* RealmSwift in Frameworks */ = {isa = PBXBuildFile; productRef = FF87992E2614C1A60099AAC2 /* RealmSwift */; };
		FF8799312614C1A60099AAC2 /* Realm in Frameworks */ = {isa = PBXBuildFile; productRef = FF8799302614C1A60099AAC2 /* Realm */; };
		FF8FA7BA2603726C00942D4B /* Ticker.swift in Sources */ = {isa = PBXBuildFile; fileRef = FF8FA7B92603726C00942D4B /* Ticker.swift */; };
		FF8FA7BE2603729500942D4B /* APITicker.swift in Sources */ = {isa = PBXBuildFile; fileRef = FF8FA7BD2603729500942D4B /* APITicker.swift */; };
		FF999DC2260238D30044C1F1 /* CoinInfoModel.swift in Sources */ = {isa = PBXBuildFile; fileRef = FF999DC1260238D30044C1F1 /* CoinInfoModel.swift */; };
		FFB8CA5B2627388500A04249 /* BindWebSocket.swift in Sources */ = {isa = PBXBuildFile; fileRef = FFB8CA5A2627388500A04249 /* BindWebSocket.swift */; };
		FFB8CA5E26275ADC00A04249 /* InvestCoinCellViewModel.swift in Sources */ = {isa = PBXBuildFile; fileRef = FFB8CA5D26275ADC00A04249 /* InvestCoinCellViewModel.swift */; };
		FFC31DE825E895A9009B0170 /* ParameterModel.swift in Sources */ = {isa = PBXBuildFile; fileRef = FFC31DE725E895A9009B0170 /* ParameterModel.swift */; };
		FFC31DFC25E94161009B0170 /* UIViewController+Alert.swift in Sources */ = {isa = PBXBuildFile; fileRef = FFC31DFB25E94161009B0170 /* UIViewController+Alert.swift */; };
		FFC31E0225E94E56009B0170 /* Double+cutDecimal.swift in Sources */ = {isa = PBXBuildFile; fileRef = FFC31E0125E94E56009B0170 /* Double+cutDecimal.swift */; };
		FFD9C2FB260840B200C0C8AE /* UserDefaultsKeys.swift in Sources */ = {isa = PBXBuildFile; fileRef = FFD9C2FA260840B200C0C8AE /* UserDefaultsKeys.swift */; };
/* End PBXBuildFile section */

/* Begin PBXFileReference section */
		879CEB6D5238E9D33EF946F4 /* Pods-Virtual Investment.debug.xcconfig */ = {isa = PBXFileReference; includeInIndex = 1; lastKnownFileType = text.xcconfig; name = "Pods-Virtual Investment.debug.xcconfig"; path = "Target Support Files/Pods-Virtual Investment/Pods-Virtual Investment.debug.xcconfig"; sourceTree = "<group>"; };
		CECFBB2B9166B851786361EE /* Pods-Virtual Investment.release.xcconfig */ = {isa = PBXFileReference; includeInIndex = 1; lastKnownFileType = text.xcconfig; name = "Pods-Virtual Investment.release.xcconfig"; path = "Target Support Files/Pods-Virtual Investment/Pods-Virtual Investment.release.xcconfig"; sourceTree = "<group>"; };
		EFF0600D4229A6E07F136080 /* Pods_Virtual_Investment.framework */ = {isa = PBXFileReference; explicitFileType = wrapper.framework; includeInIndex = 0; path = Pods_Virtual_Investment.framework; sourceTree = BUILT_PRODUCTS_DIR; };
		FF36368C25EBDD0B0048C3F6 /* InvestedCoinCell.swift */ = {isa = PBXFileReference; lastKnownFileType = sourcecode.swift; path = InvestedCoinCell.swift; sourceTree = "<group>"; };
		FF36369125EBDFF00048C3F6 /* InvestedSectionHeaderView.swift */ = {isa = PBXFileReference; lastKnownFileType = sourcecode.swift; path = InvestedSectionHeaderView.swift; sourceTree = "<group>"; };
		FF36369625EBE2E90048C3F6 /* ReuseIdentifier.swift */ = {isa = PBXFileReference; lastKnownFileType = sourcecode.swift; path = ReuseIdentifier.swift; sourceTree = "<group>"; };
		FF3636B725ED3F1B0048C3F6 /* Error.swift */ = {isa = PBXFileReference; lastKnownFileType = sourcecode.swift; path = Error.swift; sourceTree = "<group>"; };
		FF3636BC25ED41380048C3F6 /* MainViewModel.swift */ = {isa = PBXFileReference; lastKnownFileType = sourcecode.swift; path = MainViewModel.swift; sourceTree = "<group>"; };
		FF3636EA25EF46F70048C3F6 /* VirtualMoneyViewModel.swift */ = {isa = PBXFileReference; lastKnownFileType = sourcecode.swift; path = VirtualMoneyViewModel.swift; sourceTree = "<group>"; };
		FF3636EF25F0C9870048C3F6 /* PurchasedViewModel.swift */ = {isa = PBXFileReference; lastKnownFileType = sourcecode.swift; path = PurchasedViewModel.swift; sourceTree = "<group>"; };
		FF41E34B25E64C73003139A7 /* APIService.swift */ = {isa = PBXFileReference; lastKnownFileType = sourcecode.swift; path = APIService.swift; sourceTree = "<group>"; };
		FF41E35025E65015003139A7 /* CoinModel.swift */ = {isa = PBXFileReference; lastKnownFileType = sourcecode.swift; path = CoinModel.swift; sourceTree = "<group>"; };
		FF41E35C25E6805F003139A7 /* CoinCell.swift */ = {isa = PBXFileReference; lastKnownFileType = sourcecode.swift; path = CoinCell.swift; sourceTree = "<group>"; };
		FF41E38525E78C9E003139A7 /* CoinInfromationViewController.swift */ = {isa = PBXFileReference; lastKnownFileType = sourcecode.swift; path = CoinInfromationViewController.swift; sourceTree = "<group>"; };
		FF42AF4925E5331500CEA875 /* Virtual Investment.app */ = {isa = PBXFileReference; explicitFileType = wrapper.application; includeInIndex = 0; path = "Virtual Investment.app"; sourceTree = BUILT_PRODUCTS_DIR; };
		FF42AF4C25E5331500CEA875 /* AppDelegate.swift */ = {isa = PBXFileReference; lastKnownFileType = sourcecode.swift; path = AppDelegate.swift; sourceTree = "<group>"; };
		FF42AF4E25E5331500CEA875 /* SceneDelegate.swift */ = {isa = PBXFileReference; lastKnownFileType = sourcecode.swift; path = SceneDelegate.swift; sourceTree = "<group>"; };
		FF42AF5525E5331600CEA875 /* Assets.xcassets */ = {isa = PBXFileReference; lastKnownFileType = folder.assetcatalog; path = Assets.xcassets; sourceTree = "<group>"; };
		FF42AF5825E5331600CEA875 /* Base */ = {isa = PBXFileReference; lastKnownFileType = file.storyboard; name = Base; path = Base.lproj/LaunchScreen.storyboard; sourceTree = "<group>"; };
		FF42AF5A25E5331600CEA875 /* Info.plist */ = {isa = PBXFileReference; lastKnownFileType = text.plist.xml; path = Info.plist; sourceTree = "<group>"; };
		FF42AF6325E5349800CEA875 /* MainViewController.swift */ = {isa = PBXFileReference; lastKnownFileType = sourcecode.swift; path = MainViewController.swift; sourceTree = "<group>"; };
		FF42B01D25E5551B00CEA875 /* VirtualMoneyListViewController.swift */ = {isa = PBXFileReference; lastKnownFileType = sourcecode.swift; path = VirtualMoneyListViewController.swift; sourceTree = "<group>"; };
		FF42B02125E556F800CEA875 /* AmountData.swift */ = {isa = PBXFileReference; lastKnownFileType = sourcecode.swift; path = AmountData.swift; sourceTree = "<group>"; };
		FF42B02E25E55DCA00CEA875 /* InvestedViewController.swift */ = {isa = PBXFileReference; lastKnownFileType = sourcecode.swift; path = InvestedViewController.swift; sourceTree = "<group>"; };
		FF83C1BA25F3C30A00CB1139 /* CoinInformationViewModel.swift */ = {isa = PBXFileReference; lastKnownFileType = sourcecode.swift; path = CoinInformationViewModel.swift; sourceTree = "<group>"; };
		FF83C1C225F6519D00CB1139 /* ContainCoinResult.swift */ = {isa = PBXFileReference; lastKnownFileType = sourcecode.swift; path = ContainCoinResult.swift; sourceTree = "<group>"; };
		FF8798E9261056F50099AAC2 /* RxWebSocketDelegateProxy.swift */ = {isa = PBXFileReference; lastKnownFileType = sourcecode.swift; path = RxWebSocketDelegateProxy.swift; sourceTree = "<group>"; };
		FF8798F22610D1C60099AAC2 /* CoinCellViewModel.swift */ = {isa = PBXFileReference; lastKnownFileType = sourcecode.swift; path = CoinCellViewModel.swift; sourceTree = "<group>"; };
		FF8FA7B92603726C00942D4B /* Ticker.swift */ = {isa = PBXFileReference; lastKnownFileType = sourcecode.swift; path = Ticker.swift; sourceTree = "<group>"; };
		FF8FA7BD2603729500942D4B /* APITicker.swift */ = {isa = PBXFileReference; lastKnownFileType = sourcecode.swift; path = APITicker.swift; sourceTree = "<group>"; };
		FF999DC1260238D30044C1F1 /* CoinInfoModel.swift */ = {isa = PBXFileReference; lastKnownFileType = sourcecode.swift; path = CoinInfoModel.swift; sourceTree = "<group>"; };
		FFB8CA5A2627388500A04249 /* BindWebSocket.swift */ = {isa = PBXFileReference; lastKnownFileType = sourcecode.swift; path = BindWebSocket.swift; sourceTree = "<group>"; };
		FFB8CA5D26275ADC00A04249 /* InvestCoinCellViewModel.swift */ = {isa = PBXFileReference; lastKnownFileType = sourcecode.swift; path = InvestCoinCellViewModel.swift; sourceTree = "<group>"; };
		FFC31DE725E895A9009B0170 /* ParameterModel.swift */ = {isa = PBXFileReference; lastKnownFileType = sourcecode.swift; path = ParameterModel.swift; sourceTree = "<group>"; };
		FFC31DFB25E94161009B0170 /* UIViewController+Alert.swift */ = {isa = PBXFileReference; lastKnownFileType = sourcecode.swift; path = "UIViewController+Alert.swift"; sourceTree = "<group>"; };
		FFC31E0125E94E56009B0170 /* Double+cutDecimal.swift */ = {isa = PBXFileReference; lastKnownFileType = sourcecode.swift; path = "Double+cutDecimal.swift"; sourceTree = "<group>"; };
		FFD9C2FA260840B200C0C8AE /* UserDefaultsKeys.swift */ = {isa = PBXFileReference; lastKnownFileType = sourcecode.swift; path = UserDefaultsKeys.swift; sourceTree = "<group>"; };
/* End PBXFileReference section */

/* Begin PBXFrameworksBuildPhase section */
		FF42AF4625E5331500CEA875 /* Frameworks */ = {
			isa = PBXFrameworksBuildPhase;
			buildActionMask = 2147483647;
			files = (
				FF42B03325E63CDC00CEA875 /* Starscream in Frameworks */,
				FF3636A025EC92C60048C3F6 /* RxCocoa in Frameworks */,
				FF3636A225EC92C60048C3F6 /* RxRelay in Frameworks */,
				FF87992F2614C1A60099AAC2 /* RealmSwift in Frameworks */,
				FF8799312614C1A60099AAC2 /* Realm in Frameworks */,
				FF41E34925E64C62003139A7 /* Alamofire in Frameworks */,
				FF36369E25EC92C60048C3F6 /* RxSwift in Frameworks */,
				FF3636C125EE066B0048C3F6 /* RxDataSources in Frameworks */,
				FF42B01525E5477000CEA875 /* SocketIO in Frameworks */,
				374C247D0CF6D31D4461C47E /* Pods_Virtual_Investment.framework in Frameworks */,
			);
			runOnlyForDeploymentPostprocessing = 0;
		};
/* End PBXFrameworksBuildPhase section */

/* Begin PBXGroup section */
		060049F5FDA99259716F8D2B /* Frameworks */ = {
			isa = PBXGroup;
			children = (
				EFF0600D4229A6E07F136080 /* Pods_Virtual_Investment.framework */,
			);
			name = Frameworks;
			sourceTree = "<group>";
		};
		4F3F0DD57D55E2D38983AAB7 /* Pods */ = {
			isa = PBXGroup;
			children = (
				879CEB6D5238E9D33EF946F4 /* Pods-Virtual Investment.debug.xcconfig */,
				CECFBB2B9166B851786361EE /* Pods-Virtual Investment.release.xcconfig */,
			);
			path = Pods;
			sourceTree = "<group>";
		};
		FF36369525EBE2D10048C3F6 /* Utilities */ = {
			isa = PBXGroup;
			children = (
				FF8798E8261056D50099AAC2 /* RxStarscream */,
				FFD9C2F92608408B00C0C8AE /* Enum */,
				FF3636B625ED3F130048C3F6 /* Errors */,
			);
			path = Utilities;
			sourceTree = "<group>";
		};
		FF3636B625ED3F130048C3F6 /* Errors */ = {
			isa = PBXGroup;
			children = (
				FF3636B725ED3F1B0048C3F6 /* Error.swift */,
			);
			path = Errors;
			sourceTree = "<group>";
		};
		FF3636BB25ED41300048C3F6 /* ViewModel */ = {
			isa = PBXGroup;
			children = (
				FF3636BC25ED41380048C3F6 /* MainViewModel.swift */,
			);
			path = ViewModel;
			sourceTree = "<group>";
		};
		FF3636E925EF46BE0048C3F6 /* ViewModel */ = {
			isa = PBXGroup;
			children = (
				FF3636EA25EF46F70048C3F6 /* VirtualMoneyViewModel.swift */,
				FF8798F22610D1C60099AAC2 /* CoinCellViewModel.swift */,
			);
			path = ViewModel;
			sourceTree = "<group>";
		};
		FF3636EE25F0C97D0048C3F6 /* ViewModel */ = {
			isa = PBXGroup;
			children = (
				FF3636EF25F0C9870048C3F6 /* PurchasedViewModel.swift */,
				FFB8CA5D26275ADC00A04249 /* InvestCoinCellViewModel.swift */,
			);
			path = ViewModel;
			sourceTree = "<group>";
		};
		FF41E33E25E6493C003139A7 /* APIService */ = {
			isa = PBXGroup;
			children = (
				FF41E34B25E64C73003139A7 /* APIService.swift */,
			);
			path = APIService;
			sourceTree = "<group>";
		};
		FF41E34E25E64F97003139A7 /* Model */ = {
			isa = PBXGroup;
			children = (
				FF41E35025E65015003139A7 /* CoinModel.swift */,
				FF999DC1260238D30044C1F1 /* CoinInfoModel.swift */,
				FFC31DE725E895A9009B0170 /* ParameterModel.swift */,
				FF8FA7B92603726C00942D4B /* Ticker.swift */,
				FF8FA7BD2603729500942D4B /* APITicker.swift */,
			);
			path = Model;
			sourceTree = "<group>";
		};
		FF41E35825E67FFF003139A7 /* View */ = {
			isa = PBXGroup;
			children = (
				FF41E35C25E6805F003139A7 /* CoinCell.swift */,
			);
			path = View;
			sourceTree = "<group>";
		};
		FF41E37B25E76CAA003139A7 /* View */ = {
			isa = PBXGroup;
			children = (
				FF36368C25EBDD0B0048C3F6 /* InvestedCoinCell.swift */,
				FF36369125EBDFF00048C3F6 /* InvestedSectionHeaderView.swift */,
			);
			path = View;
			sourceTree = "<group>";
		};
		FF41E38225E78637003139A7 /* CoinInformationView */ = {
			isa = PBXGroup;
			children = (
				FF41E38525E78C9E003139A7 /* CoinInfromationViewController.swift */,
				FF83C1C125F6519000CB1139 /* Model */,
				FF83C1B925F3C2F800CB1139 /* ViewModel */,
			);
			path = CoinInformationView;
			sourceTree = "<group>";
		};
		FF42AF4025E5331500CEA875 = {
			isa = PBXGroup;
			children = (
				4F3F0DD57D55E2D38983AAB7 /* Pods */,
				FF42AF4A25E5331500CEA875 /* Products */,
				FF42AF4B25E5331500CEA875 /* Virtual Investment */,
				060049F5FDA99259716F8D2B /* Frameworks */,
			);
			sourceTree = "<group>";
		};
		FF42AF4A25E5331500CEA875 /* Products */ = {
			isa = PBXGroup;
			children = (
				FF42AF4925E5331500CEA875 /* Virtual Investment.app */,
			);
			name = Products;
			sourceTree = "<group>";
		};
		FF42AF4B25E5331500CEA875 /* Virtual Investment */ = {
			isa = PBXGroup;
			children = (
				FF42B01B25E554BD00CEA875 /* Resources */,
				FF36369525EBE2D10048C3F6 /* Utilities */,
				FF41E33E25E6493C003139A7 /* APIService */,
				FF42B01A25E5549C00CEA875 /* Application */,
				FF41E38225E78637003139A7 /* CoinInformationView */,
				FF42B02025E5560000CEA875 /* DataBase */,
				FFC31DEA25E8CCCA009B0170 /* Extensions */,
				FF42AF6225E5341600CEA875 /* Main */,
				FF42B02925E55D7A00CEA875 /* PurchasedVirtualMoneyView */,
				FF42B01C25E554D400CEA875 /* VirtualMoneyListView */,
			);
			path = "Virtual Investment";
			sourceTree = "<group>";
		};
		FF42AF6225E5341600CEA875 /* Main */ = {
			isa = PBXGroup;
			children = (
				FF42AF6325E5349800CEA875 /* MainViewController.swift */,
				FF3636BB25ED41300048C3F6 /* ViewModel */,
			);
			path = Main;
			sourceTree = "<group>";
		};
		FF42B01A25E5549C00CEA875 /* Application */ = {
			isa = PBXGroup;
			children = (
				FF42AF4C25E5331500CEA875 /* AppDelegate.swift */,
				FF42AF5725E5331600CEA875 /* LaunchScreen.storyboard */,
				FF42AF4E25E5331500CEA875 /* SceneDelegate.swift */,
			);
			path = Application;
			sourceTree = "<group>";
		};
		FF42B01B25E554BD00CEA875 /* Resources */ = {
			isa = PBXGroup;
			children = (
				FF42AF5525E5331600CEA875 /* Assets.xcassets */,
				FF42AF5A25E5331600CEA875 /* Info.plist */,
			);
			path = Resources;
			sourceTree = "<group>";
		};
		FF42B01C25E554D400CEA875 /* VirtualMoneyListView */ = {
			isa = PBXGroup;
			children = (
				FF41E34E25E64F97003139A7 /* Model */,
				FF41E35825E67FFF003139A7 /* View */,
				FF3636E925EF46BE0048C3F6 /* ViewModel */,
				FF42B01D25E5551B00CEA875 /* VirtualMoneyListViewController.swift */,
			);
			path = VirtualMoneyListView;
			sourceTree = "<group>";
		};
		FF42B02025E5560000CEA875 /* DataBase */ = {
			isa = PBXGroup;
			children = (
				FF42B02125E556F800CEA875 /* AmountData.swift */,
			);
			path = DataBase;
			sourceTree = "<group>";
		};
		FF42B02925E55D7A00CEA875 /* PurchasedVirtualMoneyView */ = {
			isa = PBXGroup;
			children = (
				FF42B02E25E55DCA00CEA875 /* InvestedViewController.swift */,
				FF41E37B25E76CAA003139A7 /* View */,
				FF3636EE25F0C97D0048C3F6 /* ViewModel */,
			);
			path = PurchasedVirtualMoneyView;
			sourceTree = "<group>";
		};
		FF83C1B925F3C2F800CB1139 /* ViewModel */ = {
			isa = PBXGroup;
			children = (
				FF83C1BA25F3C30A00CB1139 /* CoinInformationViewModel.swift */,
			);
			path = ViewModel;
			sourceTree = "<group>";
		};
		FF83C1C125F6519000CB1139 /* Model */ = {
			isa = PBXGroup;
			children = (
				FF83C1C225F6519D00CB1139 /* ContainCoinResult.swift */,
			);
			path = Model;
			sourceTree = "<group>";
		};
		FF8798E8261056D50099AAC2 /* RxStarscream */ = {
			isa = PBXGroup;
			children = (
				FF8798E9261056F50099AAC2 /* RxWebSocketDelegateProxy.swift */,
				FFB8CA5A2627388500A04249 /* BindWebSocket.swift */,
			);
			path = RxStarscream;
			sourceTree = "<group>";
		};
		FFC31DEA25E8CCCA009B0170 /* Extensions */ = {
			isa = PBXGroup;
			children = (
				FFC31E0025E94E49009B0170 /* Double */,
				FFC31DF925E9413D009B0170 /* UIViewController */,
			);
			path = Extensions;
			sourceTree = "<group>";
		};
		FFC31DF925E9413D009B0170 /* UIViewController */ = {
			isa = PBXGroup;
			children = (
				FFC31DFB25E94161009B0170 /* UIViewController+Alert.swift */,
			);
			path = UIViewController;
			sourceTree = "<group>";
		};
		FFC31E0025E94E49009B0170 /* Double */ = {
			isa = PBXGroup;
			children = (
				FFC31E0125E94E56009B0170 /* Double+cutDecimal.swift */,
			);
			path = Double;
			sourceTree = "<group>";
		};
		FFD9C2F92608408B00C0C8AE /* Enum */ = {
			isa = PBXGroup;
			children = (
				FF36369625EBE2E90048C3F6 /* ReuseIdentifier.swift */,
				FFD9C2FA260840B200C0C8AE /* UserDefaultsKeys.swift */,
			);
			path = Enum;
			sourceTree = "<group>";
		};
/* End PBXGroup section */

/* Begin PBXNativeTarget section */
		FF42AF4825E5331500CEA875 /* Virtual Investment */ = {
			isa = PBXNativeTarget;
			buildConfigurationList = FF42AF5D25E5331600CEA875 /* Build configuration list for PBXNativeTarget "Virtual Investment" */;
			buildPhases = (
				BA3E885FFD4B34A6F7D5FAAB /* [CP] Check Pods Manifest.lock */,
				FF42AF4525E5331500CEA875 /* Sources */,
				FF42AF4625E5331500CEA875 /* Frameworks */,
				FF42AF4725E5331500CEA875 /* Resources */,
				7BAF4C12CF88249C5B11729E /* [CP] Embed Pods Frameworks */,
			);
			buildRules = (
			);
			dependencies = (
			);
			name = "Virtual Investment";
			packageProductDependencies = (
				FF42B01425E5477000CEA875 /* SocketIO */,
				FF42B03225E63CDC00CEA875 /* Starscream */,
				FF41E34825E64C62003139A7 /* Alamofire */,
				FF36369D25EC92C60048C3F6 /* RxSwift */,
				FF36369F25EC92C60048C3F6 /* RxCocoa */,
				FF3636A125EC92C60048C3F6 /* RxRelay */,
				FF3636C025EE066B0048C3F6 /* RxDataSources */,
				FF87992E2614C1A60099AAC2 /* RealmSwift */,
				FF8799302614C1A60099AAC2 /* Realm */,
			);
			productName = "Virtual Investment";
			productReference = FF42AF4925E5331500CEA875 /* Virtual Investment.app */;
			productType = "com.apple.product-type.application";
		};
/* End PBXNativeTarget section */

/* Begin PBXProject section */
		FF42AF4125E5331500CEA875 /* Project object */ = {
			isa = PBXProject;
			attributes = {
				LastSwiftUpdateCheck = 1240;
				LastUpgradeCheck = 1240;
				TargetAttributes = {
					FF42AF4825E5331500CEA875 = {
						CreatedOnToolsVersion = 12.4;
					};
				};
			};
			buildConfigurationList = FF42AF4425E5331500CEA875 /* Build configuration list for PBXProject "Virtual Investment" */;
			compatibilityVersion = "Xcode 9.3";
			developmentRegion = en;
			hasScannedForEncodings = 0;
			knownRegions = (
				en,
				Base,
			);
			mainGroup = FF42AF4025E5331500CEA875;
			packageReferences = (
				FF42B01325E5477000CEA875 /* XCRemoteSwiftPackageReference "socket.io-client-swift" */,
				FF42B03125E63CDC00CEA875 /* XCRemoteSwiftPackageReference "Starscream" */,
				FF41E34725E64C62003139A7 /* XCRemoteSwiftPackageReference "Alamofire" */,
				FF36369C25EC92C60048C3F6 /* XCRemoteSwiftPackageReference "RxSwift" */,
				FF3636BF25EE066B0048C3F6 /* XCRemoteSwiftPackageReference "RxDataSources" */,
				FF87992D2614C1A60099AAC2 /* XCRemoteSwiftPackageReference "realm-cocoa" */,
			);
			productRefGroup = FF42AF4A25E5331500CEA875 /* Products */;
			projectDirPath = "";
			projectRoot = "";
			targets = (
				FF42AF4825E5331500CEA875 /* Virtual Investment */,
			);
		};
/* End PBXProject section */

/* Begin PBXResourcesBuildPhase section */
		FF42AF4725E5331500CEA875 /* Resources */ = {
			isa = PBXResourcesBuildPhase;
			buildActionMask = 2147483647;
			files = (
				FF42AF5625E5331600CEA875 /* Assets.xcassets in Resources */,
				FF42AF5925E5331600CEA875 /* LaunchScreen.storyboard in Resources */,
			);
			runOnlyForDeploymentPostprocessing = 0;
		};
/* End PBXResourcesBuildPhase section */

/* Begin PBXShellScriptBuildPhase section */
		7BAF4C12CF88249C5B11729E /* [CP] Embed Pods Frameworks */ = {
			isa = PBXShellScriptBuildPhase;
			buildActionMask = 2147483647;
			files = (
			);
			inputFileListPaths = (
				"${PODS_ROOT}/Target Support Files/Pods-Virtual Investment/Pods-Virtual Investment-frameworks-${CONFIGURATION}-input-files.xcfilelist",
			);
			name = "[CP] Embed Pods Frameworks";
			outputFileListPaths = (
				"${PODS_ROOT}/Target Support Files/Pods-Virtual Investment/Pods-Virtual Investment-frameworks-${CONFIGURATION}-output-files.xcfilelist",
			);
			runOnlyForDeploymentPostprocessing = 0;
			shellPath = /bin/sh;
			shellScript = "\"${PODS_ROOT}/Target Support Files/Pods-Virtual Investment/Pods-Virtual Investment-frameworks.sh\"\n";
			showEnvVarsInLog = 0;
		};
		BA3E885FFD4B34A6F7D5FAAB /* [CP] Check Pods Manifest.lock */ = {
			isa = PBXShellScriptBuildPhase;
			buildActionMask = 2147483647;
			files = (
			);
			inputFileListPaths = (
			);
			inputPaths = (
				"${PODS_PODFILE_DIR_PATH}/Podfile.lock",
				"${PODS_ROOT}/Manifest.lock",
			);
			name = "[CP] Check Pods Manifest.lock";
			outputFileListPaths = (
			);
			outputPaths = (
				"$(DERIVED_FILE_DIR)/Pods-Virtual Investment-checkManifestLockResult.txt",
			);
			runOnlyForDeploymentPostprocessing = 0;
			shellPath = /bin/sh;
			shellScript = "diff \"${PODS_PODFILE_DIR_PATH}/Podfile.lock\" \"${PODS_ROOT}/Manifest.lock\" > /dev/null\nif [ $? != 0 ] ; then\n    # print error to STDERR\n    echo \"error: The sandbox is not in sync with the Podfile.lock. Run 'pod install' or update your CocoaPods installation.\" >&2\n    exit 1\nfi\n# This output is used by Xcode 'outputs' to avoid re-running this script phase.\necho \"SUCCESS\" > \"${SCRIPT_OUTPUT_FILE_0}\"\n";
			showEnvVarsInLog = 0;
		};
/* End PBXShellScriptBuildPhase section */

/* Begin PBXSourcesBuildPhase section */
		FF42AF4525E5331500CEA875 /* Sources */ = {
			isa = PBXSourcesBuildPhase;
			buildActionMask = 2147483647;
			files = (
				FF42B02225E556F800CEA875 /* AmountData.swift in Sources */,
				FF41E34C25E64C73003139A7 /* APIService.swift in Sources */,
				FF8798EA261056F50099AAC2 /* RxWebSocketDelegateProxy.swift in Sources */,
				FF8FA7BE2603729500942D4B /* APITicker.swift in Sources */,
				FF42AF4D25E5331500CEA875 /* AppDelegate.swift in Sources */,
				FF41E35D25E6805F003139A7 /* CoinCell.swift in Sources */,
				FFB8CA5E26275ADC00A04249 /* InvestCoinCellViewModel.swift in Sources */,
				FFB8CA5B2627388500A04249 /* BindWebSocket.swift in Sources */,
				FF83C1BB25F3C30A00CB1139 /* CoinInformationViewModel.swift in Sources */,
				FF41E38625E78C9E003139A7 /* CoinInfromationViewController.swift in Sources */,
				FF41E35125E65015003139A7 /* CoinModel.swift in Sources */,
				FF83C1C325F6519D00CB1139 /* ContainCoinResult.swift in Sources */,
				FFC31E0225E94E56009B0170 /* Double+cutDecimal.swift in Sources */,
				FFD9C2FB260840B200C0C8AE /* UserDefaultsKeys.swift in Sources */,
				FF3636B825ED3F1B0048C3F6 /* Error.swift in Sources */,
				FF36368D25EBDD0B0048C3F6 /* InvestedCoinCell.swift in Sources */,
				FF999DC2260238D30044C1F1 /* CoinInfoModel.swift in Sources */,
				FF8FA7BA2603726C00942D4B /* Ticker.swift in Sources */,
				FF36369225EBDFF00048C3F6 /* InvestedSectionHeaderView.swift in Sources */,
				FF42B02F25E55DCA00CEA875 /* InvestedViewController.swift in Sources */,
				FF42AF6425E5349800CEA875 /* MainViewController.swift in Sources */,
				FF3636BD25ED41380048C3F6 /* MainViewModel.swift in Sources */,
				FFC31DE825E895A9009B0170 /* ParameterModel.swift in Sources */,
				FF3636F025F0C9870048C3F6 /* PurchasedViewModel.swift in Sources */,
				FF36369725EBE2E90048C3F6 /* ReuseIdentifier.swift in Sources */,
				FF42AF4F25E5331500CEA875 /* SceneDelegate.swift in Sources */,
				FF8798F32610D1C60099AAC2 /* CoinCellViewModel.swift in Sources */,
				FFC31DFC25E94161009B0170 /* UIViewController+Alert.swift in Sources */,
				FF42B01E25E5551B00CEA875 /* VirtualMoneyListViewController.swift in Sources */,
				FF3636EB25EF46F70048C3F6 /* VirtualMoneyViewModel.swift in Sources */,
			);
			runOnlyForDeploymentPostprocessing = 0;
		};
/* End PBXSourcesBuildPhase section */

/* Begin PBXVariantGroup section */
		FF42AF5725E5331600CEA875 /* LaunchScreen.storyboard */ = {
			isa = PBXVariantGroup;
			children = (
				FF42AF5825E5331600CEA875 /* Base */,
			);
			name = LaunchScreen.storyboard;
			sourceTree = "<group>";
		};
/* End PBXVariantGroup section */

/* Begin XCBuildConfiguration section */
		FF42AF5B25E5331600CEA875 /* Debug */ = {
			isa = XCBuildConfiguration;
			buildSettings = {
				ALWAYS_SEARCH_USER_PATHS = NO;
				CLANG_ANALYZER_NONNULL = YES;
				CLANG_ANALYZER_NUMBER_OBJECT_CONVERSION = YES_AGGRESSIVE;
				CLANG_CXX_LANGUAGE_STANDARD = "gnu++14";
				CLANG_CXX_LIBRARY = "libc++";
				CLANG_ENABLE_MODULES = YES;
				CLANG_ENABLE_OBJC_ARC = YES;
				CLANG_ENABLE_OBJC_WEAK = YES;
				CLANG_WARN_BLOCK_CAPTURE_AUTORELEASING = YES;
				CLANG_WARN_BOOL_CONVERSION = YES;
				CLANG_WARN_COMMA = YES;
				CLANG_WARN_CONSTANT_CONVERSION = YES;
				CLANG_WARN_DEPRECATED_OBJC_IMPLEMENTATIONS = YES;
				CLANG_WARN_DIRECT_OBJC_ISA_USAGE = YES_ERROR;
				CLANG_WARN_DOCUMENTATION_COMMENTS = YES;
				CLANG_WARN_EMPTY_BODY = YES;
				CLANG_WARN_ENUM_CONVERSION = YES;
				CLANG_WARN_INFINITE_RECURSION = YES;
				CLANG_WARN_INT_CONVERSION = YES;
				CLANG_WARN_NON_LITERAL_NULL_CONVERSION = YES;
				CLANG_WARN_OBJC_IMPLICIT_RETAIN_SELF = YES;
				CLANG_WARN_OBJC_LITERAL_CONVERSION = YES;
				CLANG_WARN_OBJC_ROOT_CLASS = YES_ERROR;
				CLANG_WARN_QUOTED_INCLUDE_IN_FRAMEWORK_HEADER = YES;
				CLANG_WARN_RANGE_LOOP_ANALYSIS = YES;
				CLANG_WARN_STRICT_PROTOTYPES = YES;
				CLANG_WARN_SUSPICIOUS_MOVE = YES;
				CLANG_WARN_UNGUARDED_AVAILABILITY = YES_AGGRESSIVE;
				CLANG_WARN_UNREACHABLE_CODE = YES;
				CLANG_WARN__DUPLICATE_METHOD_MATCH = YES;
				COPY_PHASE_STRIP = NO;
				DEBUG_INFORMATION_FORMAT = dwarf;
				ENABLE_STRICT_OBJC_MSGSEND = YES;
				ENABLE_TESTABILITY = YES;
				GCC_C_LANGUAGE_STANDARD = gnu11;
				GCC_DYNAMIC_NO_PIC = NO;
				GCC_NO_COMMON_BLOCKS = YES;
				GCC_OPTIMIZATION_LEVEL = 0;
				GCC_PREPROCESSOR_DEFINITIONS = (
					"DEBUG=1",
					"$(inherited)",
				);
				GCC_WARN_64_TO_32_BIT_CONVERSION = YES;
				GCC_WARN_ABOUT_RETURN_TYPE = YES_ERROR;
				GCC_WARN_UNDECLARED_SELECTOR = YES;
				GCC_WARN_UNINITIALIZED_AUTOS = YES_AGGRESSIVE;
				GCC_WARN_UNUSED_FUNCTION = YES;
				GCC_WARN_UNUSED_VARIABLE = YES;
				IPHONEOS_DEPLOYMENT_TARGET = 14.4;
				MTL_ENABLE_DEBUG_INFO = INCLUDE_SOURCE;
				MTL_FAST_MATH = YES;
				ONLY_ACTIVE_ARCH = YES;
				SDKROOT = iphoneos;
				SWIFT_ACTIVE_COMPILATION_CONDITIONS = DEBUG;
				SWIFT_OPTIMIZATION_LEVEL = "-Onone";
			};
			name = Debug;
		};
		FF42AF5C25E5331600CEA875 /* Release */ = {
			isa = XCBuildConfiguration;
			buildSettings = {
				ALWAYS_SEARCH_USER_PATHS = NO;
				CLANG_ANALYZER_NONNULL = YES;
				CLANG_ANALYZER_NUMBER_OBJECT_CONVERSION = YES_AGGRESSIVE;
				CLANG_CXX_LANGUAGE_STANDARD = "gnu++14";
				CLANG_CXX_LIBRARY = "libc++";
				CLANG_ENABLE_MODULES = YES;
				CLANG_ENABLE_OBJC_ARC = YES;
				CLANG_ENABLE_OBJC_WEAK = YES;
				CLANG_WARN_BLOCK_CAPTURE_AUTORELEASING = YES;
				CLANG_WARN_BOOL_CONVERSION = YES;
				CLANG_WARN_COMMA = YES;
				CLANG_WARN_CONSTANT_CONVERSION = YES;
				CLANG_WARN_DEPRECATED_OBJC_IMPLEMENTATIONS = YES;
				CLANG_WARN_DIRECT_OBJC_ISA_USAGE = YES_ERROR;
				CLANG_WARN_DOCUMENTATION_COMMENTS = YES;
				CLANG_WARN_EMPTY_BODY = YES;
				CLANG_WARN_ENUM_CONVERSION = YES;
				CLANG_WARN_INFINITE_RECURSION = YES;
				CLANG_WARN_INT_CONVERSION = YES;
				CLANG_WARN_NON_LITERAL_NULL_CONVERSION = YES;
				CLANG_WARN_OBJC_IMPLICIT_RETAIN_SELF = YES;
				CLANG_WARN_OBJC_LITERAL_CONVERSION = YES;
				CLANG_WARN_OBJC_ROOT_CLASS = YES_ERROR;
				CLANG_WARN_QUOTED_INCLUDE_IN_FRAMEWORK_HEADER = YES;
				CLANG_WARN_RANGE_LOOP_ANALYSIS = YES;
				CLANG_WARN_STRICT_PROTOTYPES = YES;
				CLANG_WARN_SUSPICIOUS_MOVE = YES;
				CLANG_WARN_UNGUARDED_AVAILABILITY = YES_AGGRESSIVE;
				CLANG_WARN_UNREACHABLE_CODE = YES;
				CLANG_WARN__DUPLICATE_METHOD_MATCH = YES;
				COPY_PHASE_STRIP = NO;
				DEBUG_INFORMATION_FORMAT = "dwarf-with-dsym";
				ENABLE_NS_ASSERTIONS = NO;
				ENABLE_STRICT_OBJC_MSGSEND = YES;
				GCC_C_LANGUAGE_STANDARD = gnu11;
				GCC_NO_COMMON_BLOCKS = YES;
				GCC_WARN_64_TO_32_BIT_CONVERSION = YES;
				GCC_WARN_ABOUT_RETURN_TYPE = YES_ERROR;
				GCC_WARN_UNDECLARED_SELECTOR = YES;
				GCC_WARN_UNINITIALIZED_AUTOS = YES_AGGRESSIVE;
				GCC_WARN_UNUSED_FUNCTION = YES;
				GCC_WARN_UNUSED_VARIABLE = YES;
				IPHONEOS_DEPLOYMENT_TARGET = 14.4;
				MTL_ENABLE_DEBUG_INFO = NO;
				MTL_FAST_MATH = YES;
				SDKROOT = iphoneos;
				SWIFT_COMPILATION_MODE = wholemodule;
				SWIFT_OPTIMIZATION_LEVEL = "-O";
				VALIDATE_PRODUCT = YES;
			};
			name = Release;
		};
		FF42AF5E25E5331600CEA875 /* Debug */ = {
			isa = XCBuildConfiguration;
			baseConfigurationReference = 879CEB6D5238E9D33EF946F4 /* Pods-Virtual Investment.debug.xcconfig */;
			buildSettings = {
				ASSETCATALOG_COMPILER_APPICON_NAME = AppIcon;
				ASSETCATALOG_COMPILER_GLOBAL_ACCENT_COLOR_NAME = AccentColor;
				CODE_SIGN_STYLE = Automatic;
				DEVELOPMENT_TEAM = T7JU69Q47J;
				INFOPLIST_FILE = "/Users/sanghocho/Desktop/RxSwift-GroupStudy/Virtual Investment/Virtual Investment/Resources/Info.plist";
				LD_RUNPATH_SEARCH_PATHS = (
					"$(inherited)",
					"@executable_path/Frameworks",
				);
				PRODUCT_BUNDLE_IDENTIFIER = "RxSwift.Virtual-Investment";
				PRODUCT_NAME = "$(TARGET_NAME)";
				SWIFT_VERSION = 5.0;
				TARGETED_DEVICE_FAMILY = "1,2";
			};
			name = Debug;
		};
		FF42AF5F25E5331600CEA875 /* Release */ = {
			isa = XCBuildConfiguration;
			baseConfigurationReference = CECFBB2B9166B851786361EE /* Pods-Virtual Investment.release.xcconfig */;
			buildSettings = {
				ASSETCATALOG_COMPILER_APPICON_NAME = AppIcon;
				ASSETCATALOG_COMPILER_GLOBAL_ACCENT_COLOR_NAME = AccentColor;
				CODE_SIGN_STYLE = Automatic;
				DEVELOPMENT_TEAM = T7JU69Q47J;
				INFOPLIST_FILE = "/Users/sanghocho/Desktop/RxSwift-GroupStudy/Virtual Investment/Virtual Investment/Resources/Info.plist";
				LD_RUNPATH_SEARCH_PATHS = (
					"$(inherited)",
					"@executable_path/Frameworks",
				);
				PRODUCT_BUNDLE_IDENTIFIER = "RxSwift.Virtual-Investment";
				PRODUCT_NAME = "$(TARGET_NAME)";
				SWIFT_VERSION = 5.0;
				TARGETED_DEVICE_FAMILY = "1,2";
			};
			name = Release;
		};
/* End XCBuildConfiguration section */

/* Begin XCConfigurationList section */
		FF42AF4425E5331500CEA875 /* Build configuration list for PBXProject "Virtual Investment" */ = {
			isa = XCConfigurationList;
			buildConfigurations = (
				FF42AF5B25E5331600CEA875 /* Debug */,
				FF42AF5C25E5331600CEA875 /* Release */,
			);
			defaultConfigurationIsVisible = 0;
			defaultConfigurationName = Release;
		};
		FF42AF5D25E5331600CEA875 /* Build configuration list for PBXNativeTarget "Virtual Investment" */ = {
			isa = XCConfigurationList;
			buildConfigurations = (
				FF42AF5E25E5331600CEA875 /* Debug */,
				FF42AF5F25E5331600CEA875 /* Release */,
			);
			defaultConfigurationIsVisible = 0;
			defaultConfigurationName = Release;
		};
/* End XCConfigurationList section */

/* Begin XCRemoteSwiftPackageReference section */
		FF36369C25EC92C60048C3F6 /* XCRemoteSwiftPackageReference "RxSwift" */ = {
			isa = XCRemoteSwiftPackageReference;
			repositoryURL = "https://github.com/ReactiveX/RxSwift.git";
			requirement = {
				kind = upToNextMajorVersion;
				minimumVersion = 6.1.0;
			};
		};
		FF3636BF25EE066B0048C3F6 /* XCRemoteSwiftPackageReference "RxDataSources" */ = {
			isa = XCRemoteSwiftPackageReference;
			repositoryURL = "https://github.com/RxSwiftCommunity/RxDataSources.git";
			requirement = {
				kind = upToNextMajorVersion;
				minimumVersion = 5.0.0;
			};
		};
		FF41E34725E64C62003139A7 /* XCRemoteSwiftPackageReference "Alamofire" */ = {
			isa = XCRemoteSwiftPackageReference;
			repositoryURL = "https://github.com/Alamofire/Alamofire.git";
			requirement = {
				kind = upToNextMajorVersion;
				minimumVersion = 5.4.1;
			};
		};
		FF42B01325E5477000CEA875 /* XCRemoteSwiftPackageReference "socket.io-client-swift" */ = {
			isa = XCRemoteSwiftPackageReference;
			repositoryURL = "https://github.com/socketio/socket.io-client-swift.git";
			requirement = {
				kind = upToNextMajorVersion;
				minimumVersion = 16.0.1;
			};
		};
		FF42B03125E63CDC00CEA875 /* XCRemoteSwiftPackageReference "Starscream" */ = {
			isa = XCRemoteSwiftPackageReference;
			repositoryURL = "https://github.com/daltoniam/Starscream.git";
			requirement = {
				kind = upToNextMajorVersion;
				minimumVersion = 4.0.4;
			};
		};
		FF87992D2614C1A60099AAC2 /* XCRemoteSwiftPackageReference "realm-cocoa" */ = {
			isa = XCRemoteSwiftPackageReference;
			repositoryURL = "git@github.com:realm/realm-cocoa.git";
			requirement = {
				kind = upToNextMajorVersion;
				minimumVersion = 10.7.2;
			};
		};
/* End XCRemoteSwiftPackageReference section */

/* Begin XCSwiftPackageProductDependency section */
		FF36369D25EC92C60048C3F6 /* RxSwift */ = {
			isa = XCSwiftPackageProductDependency;
			package = FF36369C25EC92C60048C3F6 /* XCRemoteSwiftPackageReference "RxSwift" */;
			productName = RxSwift;
		};
		FF36369F25EC92C60048C3F6 /* RxCocoa */ = {
			isa = XCSwiftPackageProductDependency;
			package = FF36369C25EC92C60048C3F6 /* XCRemoteSwiftPackageReference "RxSwift" */;
			productName = RxCocoa;
		};
		FF3636A125EC92C60048C3F6 /* RxRelay */ = {
			isa = XCSwiftPackageProductDependency;
			package = FF36369C25EC92C60048C3F6 /* XCRemoteSwiftPackageReference "RxSwift" */;
			productName = RxRelay;
		};
		FF3636C025EE066B0048C3F6 /* RxDataSources */ = {
			isa = XCSwiftPackageProductDependency;
			package = FF3636BF25EE066B0048C3F6 /* XCRemoteSwiftPackageReference "RxDataSources" */;
			productName = RxDataSources;
		};
		FF41E34825E64C62003139A7 /* Alamofire */ = {
			isa = XCSwiftPackageProductDependency;
			package = FF41E34725E64C62003139A7 /* XCRemoteSwiftPackageReference "Alamofire" */;
			productName = Alamofire;
		};
		FF42B01425E5477000CEA875 /* SocketIO */ = {
			isa = XCSwiftPackageProductDependency;
			package = FF42B01325E5477000CEA875 /* XCRemoteSwiftPackageReference "socket.io-client-swift" */;
			productName = SocketIO;
		};
		FF42B03225E63CDC00CEA875 /* Starscream */ = {
			isa = XCSwiftPackageProductDependency;
			package = FF42B03125E63CDC00CEA875 /* XCRemoteSwiftPackageReference "Starscream" */;
			productName = Starscream;
		};
		FF87992E2614C1A60099AAC2 /* RealmSwift */ = {
			isa = XCSwiftPackageProductDependency;
			package = FF87992D2614C1A60099AAC2 /* XCRemoteSwiftPackageReference "realm-cocoa" */;
			productName = RealmSwift;
		};
		FF8799302614C1A60099AAC2 /* Realm */ = {
			isa = XCSwiftPackageProductDependency;
			package = FF87992D2614C1A60099AAC2 /* XCRemoteSwiftPackageReference "realm-cocoa" */;
			productName = Realm;
		};
/* End XCSwiftPackageProductDependency section */
	};
	rootObject = FF42AF4125E5331500CEA875 /* Project object */;
}
